
Microsoft Visual Studio Solution File, Format Version 12.00
# Visual Studio Version 17
VisualStudioVersion = 17.0.31903.59
MinimumVisualStudioVersion = 10.0.40219.1
Project("{2150E333-8FDC-42A3-9474-1A3956D46DE8}") = "SystemPDV", "SystemPDV", "{3919E01D-B86E-640D-926B-81F191500A4B}"
EndProject
Project("{FAE04EC0-301F-11D3-BF4B-00C04F79EFBC}") = "SistemaCaixa", "SystemPDV\SistemaCaixa.csproj", "{3146EC1A-A573-4687-8035-A4F7AD797ECC}"
EndProject
Global
	GlobalSection(SolutionConfigurationPlatforms) = preSolution
		Debug|Any CPU = Debug|Any CPU
		Debug|x64 = Debug|x64
		Debug|x86 = Debug|x86
		Release|Any CPU = Release|Any CPU
		Release|x64 = Release|x64
		Release|x86 = Release|x86
	EndGlobalSection
	GlobalSection(ProjectConfigurationPlatforms) = postSolution
		{3146EC1A-A573-4687-8035-A4F7AD797ECC}.Debug|Any CPU.ActiveCfg = Debug|Any CPU
		{3146EC1A-A573-4687-8035-A4F7AD797ECC}.Debug|Any CPU.Build.0 = Debug|Any CPU
		{3146EC1A-A573-4687-8035-A4F7AD797ECC}.Debug|x64.ActiveCfg = Debug|Any CPU
		{3146EC1A-A573-4687-8035-A4F7AD797ECC}.Debug|x64.Build.0 = Debug|Any CPU
		{3146EC1A-A573-4687-8035-A4F7AD797ECC}.Debug|x86.ActiveCfg = Debug|Any CPU
		{3146EC1A-A573-4687-8035-A4F7AD797ECC}.Debug|x86.Build.0 = Debug|Any CPU
		{3146EC1A-A573-4687-8035-A4F7AD797ECC}.Release|Any CPU.ActiveCfg = Release|Any CPU
		{3146EC1A-A573-4687-8035-A4F7AD797ECC}.Release|Any CPU.Build.0 = Release|Any CPU
		{3146EC1A-A573-4687-8035-A4F7AD797ECC}.Release|x64.ActiveCfg = Release|Any CPU
		{3146EC1A-A573-4687-8035-A4F7AD797ECC}.Release|x64.Build.0 = Release|Any CPU
		{3146EC1A-A573-4687-8035-A4F7AD797ECC}.Release|x86.ActiveCfg = Release|Any CPU
		{3146EC1A-A573-4687-8035-A4F7AD797ECC}.Release|x86.Build.0 = Release|Any CPU
	EndGlobalSection
	GlobalSection(SolutionProperties) = preSolution
		HideSolutionNode = FALSE
	EndGlobalSection
	GlobalSection(NestedProjects) = preSolution
		{3146EC1A-A573-4687-8035-A4F7AD797ECC} = {3919E01D-B86E-640D-926B-81F191500A4B}
	EndGlobalSection
EndGlobal
